github.com/aperturerobotics/protobuf-go-lite v0.10.0 h1:0jsPifWk3LGH96zT9Vqapac5OkHKPjuj7QRJwyhRj0s=
github.com/aperturerobotics/protobuf-go-lite v0.10.0/go.mod h1:fULrxQxEBWKQm7vvju9AfjTp9yfHoLgwMQWTiZQ2tg0=
github.com/golang/snappy v1.0.0 h1:Oy607GVXHs7RtbggtPBnr2RmDArIsAefDwvrdWvRhGs=
github.com/golang/snappy v1.0.0/go.mod h1:/XxbfmMg8lxefKM7IXC3fBNl/7bRcc72aCRzEWrmP2Q=
github.com/pantopic/wazero-lmdb/sdk-go v0.0.8 h1:tVwvEVzdcLlqGs7iML6x10agkZ02cD6NiOSAwNVd6V4=
github.com/pantopic/wazero-lmdb/sdk-go v0.0.8/go.mod h1:yosGZHWYan8LywlonmYKPxtzdLRTII6GOPDelUExr3o=
github.com/pantopic/wazero-range-watch/sdk-go v0.0.0-20250731235613-47ce1398dfd1 h1:jmaiD7UsG6v9uYIPdFHY69vfxgxrkNdA7lnfNwvvKmg=
github.com/pantopic/wazero-range-watch/sdk-go v0.0.0-20250731235613-47ce1398dfd1/go.mod h1:yzzfsLJnHJmYCfTdIIj1JCjKrQi8KTZKeE5AiTtKHz0=
github.com/pantopic/wazero-state-machine/sdk-go v0.0.0-20250731235755-a8d4553ad74a h1:EWr7hhRclZ7YlwCDZD6ZEVuQtbt8wABycug+kuaRtGw=
github.com/pantopic/wazero-state-machine/sdk-go v0.0.0-20250731235755-a8d4553ad74a/go.mod h1:jcjbr8A3zERZMmsGsPHFNmjkH+rqBORGtinP2fbZZLk=
